
Microsoft Visual Studio Solution File, Format Version 12.00
Project("{FAE04EC0-301F-11D3-BF4B-00C04F79EFBC}") = "DisableCollision", "DisableCollision\DisableCollision.csproj", "{463E846C-1B2F-4EFB-A226-65EDEC844122}"
EndProject
Project("{FAE04EC0-301F-11D3-BF4B-00C04F79EFBC}") = "RandomDebugCollection", "RandomDebugCollection\RandomDebugCollection.csproj", "{C376ACB0-69A5-4704-8FDA-D01665BD400F}"
EndProject
Project("{FAE04EC0-301F-11D3-BF4B-00C04F79EFBC}") = "EcconiaCPUServerComponents", "EcconiaCPUServerComponents\EcconiaCPUServerComponents.csproj", "{CA8A7919-D81B-40DD-B12F-DCF7039BC6E1}"
EndProject
Project("{FAE04EC0-301F-11D3-BF4B-00C04F79EFBC}") = "SimulationControl", "SimulationControl\SimulationControl.csproj", "{122628A4-D53A-4FE3-8EB3-0306E06FAEC8}"
EndProject
Project("{FAE04EC0-301F-11D3-BF4B-00C04F79EFBC}") = "CustomChatManager", "CustomChatManager\CustomChatManager.csproj", "{F748B671-8905-4970-8E0C-FF126A5ACA10}"
EndProject
Project("{FAE04EC0-301F-11D3-BF4B-00C04F79EFBC}") = "HarmonyForLogicWorld", "HarmonyForLogicWorld\HarmonyForLogicWorld.csproj", "{01398431-F086-48D0-BD42-8228440F1751}"
EndProject
Project("{FAE04EC0-301F-11D3-BF4B-00C04F79EFBC}") = "ServerOnlyMods", "ServerOnlyMods\ServerOnlyMods.csproj", "{1A06FDD9-1B47-4576-8EE3-DFEB7C2AFFF5}"
EndProject
Project("{FAE04EC0-301F-11D3-BF4B-00C04F79EFBC}") = "AssemblyLoader", "AssemblyLoader\AssemblyLoader.csproj", "{D3298FDA-440A-4233-A3CD-86DDBF074AE7}"
EndProject
Project("{FAE04EC0-301F-11D3-BF4B-00C04F79EFBC}") = "EcconiasChaosClientMod", "EcconiasChaosClientMod\EcconiasChaosClientMod.csproj", "{6C2B319E-0D99-49E9-AB2E-AE2CF8572F4C}"
EndProject
Project("{FAE04EC0-301F-11D3-BF4B-00C04F79EFBC}") = "CustomWirePlacer", "CustomWirePlacer\CustomWirePlacer.csproj", "{305852B3-D4A3-42B6-A885-A141BE6F47F4}"
EndProject
Project("{FAE04EC0-301F-11D3-BF4B-00C04F79EFBC}") = "WireTracer", "WireTracer\WireTracer.csproj", "{5256253B-7482-4FD7-86A9-DBEF9A05AE30}"
EndProject
Project("{FAE04EC0-301F-11D3-BF4B-00C04F79EFBC}") = "FlexibleComponentModUsage", "FlexibleComponentModUsage\FlexibleComponentModUsage.csproj", "{2F5D607C-2087-4B27-AF91-776189BBE2DA}"
EndProject
Project("{FAE04EC0-301F-11D3-BF4B-00C04F79EFBC}") = "WorldSaver", "WorldSaver\WorldSaver.csproj", "{1E11AD71-7727-4993-9DA1-9A1BCA1AFC84}"
EndProject
Project("{FAE04EC0-301F-11D3-BF4B-00C04F79EFBC}") = "EccsGuiBuilder", "EccsGuiBuilder\EccsGuiBuilder.csproj", "{92E3F3DD-9333-4A67-A639-944188E88066}"
EndProject
Project("{FAE04EC0-301F-11D3-BF4B-00C04F79EFBC}") = "EccsLogicWorldAPI", "EccsLogicWorldAPI\EccsLogicWorldAPI.csproj", "{F82B43CC-655E-4AD8-B370-E5E666C8140B}"
EndProject
Project("{FAE04EC0-301F-11D3-BF4B-00C04F79EFBC}") = "RadioConnection", "RadioConnection\RadioConnection.csproj", "{E747E5E3-CDBB-4116-8E88-4A18026029CE}"
EndProject
Project("{FAE04EC0-301F-11D3-BF4B-00C04F79EFBC}") = "FileDump", "ComponentMods\FileDump\FileDump.csproj", "{C13C4526-2BD1-42C8-9776-36DFC7B7B1F1}"
EndProject
Project("{FAE04EC0-301F-11D3-BF4B-00C04F79EFBC}") = "SimulationStopwatch", "ComponentMods\SimulationStopwatch\SimulationStopwatch.csproj", "{3BD7D5D8-C13C-4842-A320-903B8324000C}"
EndProject
Global
	GlobalSection(SolutionConfigurationPlatforms) = preSolution
		Debug|Any CPU = Debug|Any CPU
		Release|Any CPU = Release|Any CPU
	EndGlobalSection
	GlobalSection(ProjectConfigurationPlatforms) = postSolution
		{463E846C-1B2F-4EFB-A226-65EDEC844122}.Debug|Any CPU.ActiveCfg = Debug|Any CPU
		{463E846C-1B2F-4EFB-A226-65EDEC844122}.Debug|Any CPU.Build.0 = Debug|Any CPU
		{463E846C-1B2F-4EFB-A226-65EDEC844122}.Release|Any CPU.ActiveCfg = Release|Any CPU
		{463E846C-1B2F-4EFB-A226-65EDEC844122}.Release|Any CPU.Build.0 = Release|Any CPU
		{C376ACB0-69A5-4704-8FDA-D01665BD400F}.Debug|Any CPU.ActiveCfg = Debug|Any CPU
		{C376ACB0-69A5-4704-8FDA-D01665BD400F}.Debug|Any CPU.Build.0 = Debug|Any CPU
		{C376ACB0-69A5-4704-8FDA-D01665BD400F}.Release|Any CPU.ActiveCfg = Release|Any CPU
		{C376ACB0-69A5-4704-8FDA-D01665BD400F}.Release|Any CPU.Build.0 = Release|Any CPU
		{CA8A7919-D81B-40DD-B12F-DCF7039BC6E1}.Debug|Any CPU.ActiveCfg = Debug|Any CPU
		{CA8A7919-D81B-40DD-B12F-DCF7039BC6E1}.Debug|Any CPU.Build.0 = Debug|Any CPU
		{CA8A7919-D81B-40DD-B12F-DCF7039BC6E1}.Release|Any CPU.ActiveCfg = Release|Any CPU
		{CA8A7919-D81B-40DD-B12F-DCF7039BC6E1}.Release|Any CPU.Build.0 = Release|Any CPU
		{122628A4-D53A-4FE3-8EB3-0306E06FAEC8}.Debug|Any CPU.ActiveCfg = Debug|Any CPU
		{122628A4-D53A-4FE3-8EB3-0306E06FAEC8}.Debug|Any CPU.Build.0 = Debug|Any CPU
		{122628A4-D53A-4FE3-8EB3-0306E06FAEC8}.Release|Any CPU.ActiveCfg = Release|Any CPU
		{122628A4-D53A-4FE3-8EB3-0306E06FAEC8}.Release|Any CPU.Build.0 = Release|Any CPU
		{F748B671-8905-4970-8E0C-FF126A5ACA10}.Debug|Any CPU.ActiveCfg = Debug|Any CPU
		{F748B671-8905-4970-8E0C-FF126A5ACA10}.Debug|Any CPU.Build.0 = Debug|Any CPU
		{F748B671-8905-4970-8E0C-FF126A5ACA10}.Release|Any CPU.ActiveCfg = Release|Any CPU
		{F748B671-8905-4970-8E0C-FF126A5ACA10}.Release|Any CPU.Build.0 = Release|Any CPU
		{01398431-F086-48D0-BD42-8228440F1751}.Debug|Any CPU.ActiveCfg = Debug|Any CPU
		{01398431-F086-48D0-BD42-8228440F1751}.Debug|Any CPU.Build.0 = Debug|Any CPU
		{01398431-F086-48D0-BD42-8228440F1751}.Release|Any CPU.ActiveCfg = Release|Any CPU
		{01398431-F086-48D0-BD42-8228440F1751}.Release|Any CPU.Build.0 = Release|Any CPU
		{1A06FDD9-1B47-4576-8EE3-DFEB7C2AFFF5}.Debug|Any CPU.ActiveCfg = Debug|Any CPU
		{1A06FDD9-1B47-4576-8EE3-DFEB7C2AFFF5}.Debug|Any CPU.Build.0 = Debug|Any CPU
		{1A06FDD9-1B47-4576-8EE3-DFEB7C2AFFF5}.Release|Any CPU.ActiveCfg = Release|Any CPU
		{1A06FDD9-1B47-4576-8EE3-DFEB7C2AFFF5}.Release|Any CPU.Build.0 = Release|Any CPU
		{D3298FDA-440A-4233-A3CD-86DDBF074AE7}.Debug|Any CPU.ActiveCfg = Debug|Any CPU
		{D3298FDA-440A-4233-A3CD-86DDBF074AE7}.Debug|Any CPU.Build.0 = Debug|Any CPU
		{D3298FDA-440A-4233-A3CD-86DDBF074AE7}.Release|Any CPU.ActiveCfg = Release|Any CPU
		{D3298FDA-440A-4233-A3CD-86DDBF074AE7}.Release|Any CPU.Build.0 = Release|Any CPU
		{6C2B319E-0D99-49E9-AB2E-AE2CF8572F4C}.Debug|Any CPU.ActiveCfg = Debug|Any CPU
		{6C2B319E-0D99-49E9-AB2E-AE2CF8572F4C}.Debug|Any CPU.Build.0 = Debug|Any CPU
		{6C2B319E-0D99-49E9-AB2E-AE2CF8572F4C}.Release|Any CPU.ActiveCfg = Release|Any CPU
		{6C2B319E-0D99-49E9-AB2E-AE2CF8572F4C}.Release|Any CPU.Build.0 = Release|Any CPU
		{305852B3-D4A3-42B6-A885-A141BE6F47F4}.Debug|Any CPU.ActiveCfg = Debug|Any CPU
		{305852B3-D4A3-42B6-A885-A141BE6F47F4}.Debug|Any CPU.Build.0 = Debug|Any CPU
		{305852B3-D4A3-42B6-A885-A141BE6F47F4}.Release|Any CPU.ActiveCfg = Release|Any CPU
		{305852B3-D4A3-42B6-A885-A141BE6F47F4}.Release|Any CPU.Build.0 = Release|Any CPU
		{5256253B-7482-4FD7-86A9-DBEF9A05AE30}.Debug|Any CPU.ActiveCfg = Debug|Any CPU
		{5256253B-7482-4FD7-86A9-DBEF9A05AE30}.Debug|Any CPU.Build.0 = Debug|Any CPU
		{5256253B-7482-4FD7-86A9-DBEF9A05AE30}.Release|Any CPU.ActiveCfg = Release|Any CPU
		{5256253B-7482-4FD7-86A9-DBEF9A05AE30}.Release|Any CPU.Build.0 = Release|Any CPU
		{2F5D607C-2087-4B27-AF91-776189BBE2DA}.Debug|Any CPU.ActiveCfg = Debug|Any CPU
		{2F5D607C-2087-4B27-AF91-776189BBE2DA}.Debug|Any CPU.Build.0 = Debug|Any CPU
		{2F5D607C-2087-4B27-AF91-776189BBE2DA}.Release|Any CPU.ActiveCfg = Release|Any CPU
		{2F5D607C-2087-4B27-AF91-776189BBE2DA}.Release|Any CPU.Build.0 = Release|Any CPU
		{1E11AD71-7727-4993-9DA1-9A1BCA1AFC84}.Debug|Any CPU.ActiveCfg = Debug|Any CPU
		{1E11AD71-7727-4993-9DA1-9A1BCA1AFC84}.Debug|Any CPU.Build.0 = Debug|Any CPU
		{1E11AD71-7727-4993-9DA1-9A1BCA1AFC84}.Release|Any CPU.ActiveCfg = Release|Any CPU
		{1E11AD71-7727-4993-9DA1-9A1BCA1AFC84}.Release|Any CPU.Build.0 = Release|Any CPU
		{92E3F3DD-9333-4A67-A639-944188E88066}.Debug|Any CPU.ActiveCfg = Debug|Any CPU
		{92E3F3DD-9333-4A67-A639-944188E88066}.Debug|Any CPU.Build.0 = Debug|Any CPU
		{92E3F3DD-9333-4A67-A639-944188E88066}.Release|Any CPU.ActiveCfg = Release|Any CPU
		{92E3F3DD-9333-4A67-A639-944188E88066}.Release|Any CPU.Build.0 = Release|Any CPU
		{F82B43CC-655E-4AD8-B370-E5E666C8140B}.Debug|Any CPU.ActiveCfg = Debug|Any CPU
		{F82B43CC-655E-4AD8-B370-E5E666C8140B}.Debug|Any CPU.Build.0 = Debug|Any CPU
		{F82B43CC-655E-4AD8-B370-E5E666C8140B}.Release|Any CPU.ActiveCfg = Release|Any CPU
		{F82B43CC-655E-4AD8-B370-E5E666C8140B}.Release|Any CPU.Build.0 = Release|Any CPU
		{E747E5E3-CDBB-4116-8E88-4A18026029CE}.Debug|Any CPU.ActiveCfg = Debug|Any CPU
		{E747E5E3-CDBB-4116-8E88-4A18026029CE}.Debug|Any CPU.Build.0 = Debug|Any CPU
		{E747E5E3-CDBB-4116-8E88-4A18026029CE}.Release|Any CPU.ActiveCfg = Release|Any CPU
		{E747E5E3-CDBB-4116-8E88-4A18026029CE}.Release|Any CPU.Build.0 = Release|Any CPU
		{C13C4526-2BD1-42C8-9776-36DFC7B7B1F1}.Debug|Any CPU.ActiveCfg = Debug|Any CPU
		{C13C4526-2BD1-42C8-9776-36DFC7B7B1F1}.Debug|Any CPU.Build.0 = Debug|Any CPU
		{C13C4526-2BD1-42C8-9776-36DFC7B7B1F1}.Release|Any CPU.ActiveCfg = Release|Any CPU
		{C13C4526-2BD1-42C8-9776-36DFC7B7B1F1}.Release|Any CPU.Build.0 = Release|Any CPU
		{3BD7D5D8-C13C-4842-A320-903B8324000C}.Debug|Any CPU.ActiveCfg = Debug|Any CPU
		{3BD7D5D8-C13C-4842-A320-903B8324000C}.Debug|Any CPU.Build.0 = Debug|Any CPU
		{3BD7D5D8-C13C-4842-A320-903B8324000C}.Release|Any CPU.ActiveCfg = Release|Any CPU
		{3BD7D5D8-C13C-4842-A320-903B8324000C}.Release|Any CPU.Build.0 = Release|Any CPU
	EndGlobalSection
EndGlobal
