
Microsoft Visual Studio Solution File, Format Version 12.00
Project("{FAE04EC0-301F-11D3-BF4B-00C04F79EFBC}") = "DisableCollision", "DisableCollision\DisableCollision.csproj", "{463E846C-1B2F-4EFB-A226-65EDEC844122}"
EndProject
Project("{FAE04EC0-301F-11D3-BF4B-00C04F79EFBC}") = "DllUtil", "DllUtil\DllUtil.csproj", "{BCD50A23-DF13-4281-B03D-61200432DA4B}"
EndProject
Project("{FAE04EC0-301F-11D3-BF4B-00C04F79EFBC}") = "LWHarmony", "LWHarmony\LWHarmony.csproj", "{66A9ACDE-5D8F-4A5D-B0F6-717BD0C6E9F2}"
EndProject
Project("{FAE04EC0-301F-11D3-BF4B-00C04F79EFBC}") = "RandomDebugCollection", "RandomDebugCollection\RandomDebugCollection.csproj", "{C376ACB0-69A5-4704-8FDA-D01665BD400F}"
EndProject
Project("{FAE04EC0-301F-11D3-BF4B-00C04F79EFBC}") = "EcconiaCPUServerComponents", "EcconiaCPUServerComponents\EcconiaCPUServerComponents.csproj", "{CA8A7919-D81B-40DD-B12F-DCF7039BC6E1}"
EndProject
Project("{FAE04EC0-301F-11D3-BF4B-00C04F79EFBC}") = "SimulationControl", "SimulationControl\SimulationControl.csproj", "{122628A4-D53A-4FE3-8EB3-0306E06FAEC8}"
EndProject
Project("{FAE04EC0-301F-11D3-BF4B-00C04F79EFBC}") = "CustomChatManager", "CustomChatManager\CustomChatManager.csproj", "{F748B671-8905-4970-8E0C-FF126A5ACA10}"
EndProject
Project("{FAE04EC0-301F-11D3-BF4B-00C04F79EFBC}") = "ServerModdingTools", "ServerModdingTools\ServerModdingTools.csproj", "{17E359F8-646C-4743-A758-49C617A16ECF}"
EndProject
Project("{FAE04EC0-301F-11D3-BF4B-00C04F79EFBC}") = "HarmonyForServers", "HarmonyForServers\HarmonyForServers.csproj", "{01398431-F086-48D0-BD42-8228440F1751}"
EndProject
Project("{FAE04EC0-301F-11D3-BF4B-00C04F79EFBC}") = "ServerOnlyMods", "ServerOnlyMods\ServerOnlyMods.csproj", "{1A06FDD9-1B47-4576-8EE3-DFEB7C2AFFF5}"
EndProject
Project("{FAE04EC0-301F-11D3-BF4B-00C04F79EFBC}") = "AssemblyLoader", "AssemblyLoader\AssemblyLoader.csproj", "{D3298FDA-440A-4233-A3CD-86DDBF074AE7}"
EndProject
Project("{FAE04EC0-301F-11D3-BF4B-00C04F79EFBC}") = "EcconiasChaosClientMod", "EcconiasChaosClientMod\EcconiasChaosClientMod.csproj", "{6C2B319E-0D99-49E9-AB2E-AE2CF8572F4C}"
EndProject
Project("{FAE04EC0-301F-11D3-BF4B-00C04F79EFBC}") = "CustomWirePlacer", "CustomWirePlacer\CustomWirePlacer.csproj", "{305852B3-D4A3-42B6-A885-A141BE6F47F4}"
EndProject
Project("{FAE04EC0-301F-11D3-BF4B-00C04F79EFBC}") = "EccsWindowHelper", "EccsWindowHelper\EccsWindowHelper.csproj", "{EA037FA0-10BA-4D63-8560-9EFCAEF128DE}"
EndProject
Project("{FAE04EC0-301F-11D3-BF4B-00C04F79EFBC}") = "FixCompilerOnClient", "FixCompilerOnClient\FixCompilerOnClient.csproj", "{FE6102EC-C294-4F51-88A7-917F3D8767B0}"
EndProject
Project("{FAE04EC0-301F-11D3-BF4B-00C04F79EFBC}") = "FixCompilerOnServer", "FixCompilerOnServer\FixCompilerOnServer.csproj", "{CE5D11CD-19F1-4BA4-86E2-D922F9B0E8F7}"
EndProject
Project("{FAE04EC0-301F-11D3-BF4B-00C04F79EFBC}") = "ServerLoadAccelerator", "ServerLoadAccelerator\ServerLoadAccelerator.csproj", "{A4F6F697-9E6F-4661-AB4F-92F589ADBAE2}"
EndProject
Project("{FAE04EC0-301F-11D3-BF4B-00C04F79EFBC}") = "RemoveUnusedComponentsOnSave", "RemoveUnusedComponentsOnSave\RemoveUnusedComponentsOnSave.csproj", "{69892A83-2669-4974-91C8-79D71AE9739A}"
EndProject
Global
	GlobalSection(SolutionConfigurationPlatforms) = preSolution
		Debug|Any CPU = Debug|Any CPU
		Release|Any CPU = Release|Any CPU
	EndGlobalSection
	GlobalSection(ProjectConfigurationPlatforms) = postSolution
		{463E846C-1B2F-4EFB-A226-65EDEC844122}.Debug|Any CPU.ActiveCfg = Debug|Any CPU
		{463E846C-1B2F-4EFB-A226-65EDEC844122}.Debug|Any CPU.Build.0 = Debug|Any CPU
		{463E846C-1B2F-4EFB-A226-65EDEC844122}.Release|Any CPU.ActiveCfg = Release|Any CPU
		{463E846C-1B2F-4EFB-A226-65EDEC844122}.Release|Any CPU.Build.0 = Release|Any CPU
		{BCD50A23-DF13-4281-B03D-61200432DA4B}.Debug|Any CPU.ActiveCfg = Debug|Any CPU
		{BCD50A23-DF13-4281-B03D-61200432DA4B}.Debug|Any CPU.Build.0 = Debug|Any CPU
		{BCD50A23-DF13-4281-B03D-61200432DA4B}.Release|Any CPU.ActiveCfg = Release|Any CPU
		{BCD50A23-DF13-4281-B03D-61200432DA4B}.Release|Any CPU.Build.0 = Release|Any CPU
		{66A9ACDE-5D8F-4A5D-B0F6-717BD0C6E9F2}.Debug|Any CPU.ActiveCfg = Debug|Any CPU
		{66A9ACDE-5D8F-4A5D-B0F6-717BD0C6E9F2}.Debug|Any CPU.Build.0 = Debug|Any CPU
		{66A9ACDE-5D8F-4A5D-B0F6-717BD0C6E9F2}.Release|Any CPU.ActiveCfg = Release|Any CPU
		{66A9ACDE-5D8F-4A5D-B0F6-717BD0C6E9F2}.Release|Any CPU.Build.0 = Release|Any CPU
		{C376ACB0-69A5-4704-8FDA-D01665BD400F}.Debug|Any CPU.ActiveCfg = Debug|Any CPU
		{C376ACB0-69A5-4704-8FDA-D01665BD400F}.Debug|Any CPU.Build.0 = Debug|Any CPU
		{C376ACB0-69A5-4704-8FDA-D01665BD400F}.Release|Any CPU.ActiveCfg = Release|Any CPU
		{C376ACB0-69A5-4704-8FDA-D01665BD400F}.Release|Any CPU.Build.0 = Release|Any CPU
		{CA8A7919-D81B-40DD-B12F-DCF7039BC6E1}.Debug|Any CPU.ActiveCfg = Debug|Any CPU
		{CA8A7919-D81B-40DD-B12F-DCF7039BC6E1}.Debug|Any CPU.Build.0 = Debug|Any CPU
		{CA8A7919-D81B-40DD-B12F-DCF7039BC6E1}.Release|Any CPU.ActiveCfg = Release|Any CPU
		{CA8A7919-D81B-40DD-B12F-DCF7039BC6E1}.Release|Any CPU.Build.0 = Release|Any CPU
		{122628A4-D53A-4FE3-8EB3-0306E06FAEC8}.Debug|Any CPU.ActiveCfg = Debug|Any CPU
		{122628A4-D53A-4FE3-8EB3-0306E06FAEC8}.Debug|Any CPU.Build.0 = Debug|Any CPU
		{122628A4-D53A-4FE3-8EB3-0306E06FAEC8}.Release|Any CPU.ActiveCfg = Release|Any CPU
		{122628A4-D53A-4FE3-8EB3-0306E06FAEC8}.Release|Any CPU.Build.0 = Release|Any CPU
		{F748B671-8905-4970-8E0C-FF126A5ACA10}.Debug|Any CPU.ActiveCfg = Debug|Any CPU
		{F748B671-8905-4970-8E0C-FF126A5ACA10}.Debug|Any CPU.Build.0 = Debug|Any CPU
		{F748B671-8905-4970-8E0C-FF126A5ACA10}.Release|Any CPU.ActiveCfg = Release|Any CPU
		{F748B671-8905-4970-8E0C-FF126A5ACA10}.Release|Any CPU.Build.0 = Release|Any CPU
		{17E359F8-646C-4743-A758-49C617A16ECF}.Debug|Any CPU.ActiveCfg = Debug|Any CPU
		{17E359F8-646C-4743-A758-49C617A16ECF}.Debug|Any CPU.Build.0 = Debug|Any CPU
		{17E359F8-646C-4743-A758-49C617A16ECF}.Release|Any CPU.ActiveCfg = Release|Any CPU
		{17E359F8-646C-4743-A758-49C617A16ECF}.Release|Any CPU.Build.0 = Release|Any CPU
		{01398431-F086-48D0-BD42-8228440F1751}.Debug|Any CPU.ActiveCfg = Debug|Any CPU
		{01398431-F086-48D0-BD42-8228440F1751}.Debug|Any CPU.Build.0 = Debug|Any CPU
		{01398431-F086-48D0-BD42-8228440F1751}.Release|Any CPU.ActiveCfg = Release|Any CPU
		{01398431-F086-48D0-BD42-8228440F1751}.Release|Any CPU.Build.0 = Release|Any CPU
		{1A06FDD9-1B47-4576-8EE3-DFEB7C2AFFF5}.Debug|Any CPU.ActiveCfg = Debug|Any CPU
		{1A06FDD9-1B47-4576-8EE3-DFEB7C2AFFF5}.Debug|Any CPU.Build.0 = Debug|Any CPU
		{1A06FDD9-1B47-4576-8EE3-DFEB7C2AFFF5}.Release|Any CPU.ActiveCfg = Release|Any CPU
		{1A06FDD9-1B47-4576-8EE3-DFEB7C2AFFF5}.Release|Any CPU.Build.0 = Release|Any CPU
		{D3298FDA-440A-4233-A3CD-86DDBF074AE7}.Debug|Any CPU.ActiveCfg = Debug|Any CPU
		{D3298FDA-440A-4233-A3CD-86DDBF074AE7}.Debug|Any CPU.Build.0 = Debug|Any CPU
		{D3298FDA-440A-4233-A3CD-86DDBF074AE7}.Release|Any CPU.ActiveCfg = Release|Any CPU
		{D3298FDA-440A-4233-A3CD-86DDBF074AE7}.Release|Any CPU.Build.0 = Release|Any CPU
		{6C2B319E-0D99-49E9-AB2E-AE2CF8572F4C}.Debug|Any CPU.ActiveCfg = Debug|Any CPU
		{6C2B319E-0D99-49E9-AB2E-AE2CF8572F4C}.Debug|Any CPU.Build.0 = Debug|Any CPU
		{6C2B319E-0D99-49E9-AB2E-AE2CF8572F4C}.Release|Any CPU.ActiveCfg = Release|Any CPU
		{6C2B319E-0D99-49E9-AB2E-AE2CF8572F4C}.Release|Any CPU.Build.0 = Release|Any CPU
		{305852B3-D4A3-42B6-A885-A141BE6F47F4}.Debug|Any CPU.ActiveCfg = Debug|Any CPU
		{305852B3-D4A3-42B6-A885-A141BE6F47F4}.Debug|Any CPU.Build.0 = Debug|Any CPU
		{305852B3-D4A3-42B6-A885-A141BE6F47F4}.Release|Any CPU.ActiveCfg = Release|Any CPU
		{305852B3-D4A3-42B6-A885-A141BE6F47F4}.Release|Any CPU.Build.0 = Release|Any CPU
		{EA037FA0-10BA-4D63-8560-9EFCAEF128DE}.Debug|Any CPU.ActiveCfg = Debug|Any CPU
		{EA037FA0-10BA-4D63-8560-9EFCAEF128DE}.Debug|Any CPU.Build.0 = Debug|Any CPU
		{EA037FA0-10BA-4D63-8560-9EFCAEF128DE}.Release|Any CPU.ActiveCfg = Release|Any CPU
		{EA037FA0-10BA-4D63-8560-9EFCAEF128DE}.Release|Any CPU.Build.0 = Release|Any CPU
		{FE6102EC-C294-4F51-88A7-917F3D8767B0}.Debug|Any CPU.ActiveCfg = Debug|Any CPU
		{FE6102EC-C294-4F51-88A7-917F3D8767B0}.Debug|Any CPU.Build.0 = Debug|Any CPU
		{FE6102EC-C294-4F51-88A7-917F3D8767B0}.Release|Any CPU.ActiveCfg = Release|Any CPU
		{FE6102EC-C294-4F51-88A7-917F3D8767B0}.Release|Any CPU.Build.0 = Release|Any CPU
		{CE5D11CD-19F1-4BA4-86E2-D922F9B0E8F7}.Debug|Any CPU.ActiveCfg = Debug|Any CPU
		{CE5D11CD-19F1-4BA4-86E2-D922F9B0E8F7}.Debug|Any CPU.Build.0 = Debug|Any CPU
		{CE5D11CD-19F1-4BA4-86E2-D922F9B0E8F7}.Release|Any CPU.ActiveCfg = Release|Any CPU
		{CE5D11CD-19F1-4BA4-86E2-D922F9B0E8F7}.Release|Any CPU.Build.0 = Release|Any CPU
		{A4F6F697-9E6F-4661-AB4F-92F589ADBAE2}.Debug|Any CPU.ActiveCfg = Debug|Any CPU
		{A4F6F697-9E6F-4661-AB4F-92F589ADBAE2}.Debug|Any CPU.Build.0 = Debug|Any CPU
		{A4F6F697-9E6F-4661-AB4F-92F589ADBAE2}.Release|Any CPU.ActiveCfg = Release|Any CPU
		{A4F6F697-9E6F-4661-AB4F-92F589ADBAE2}.Release|Any CPU.Build.0 = Release|Any CPU
		{69892A83-2669-4974-91C8-79D71AE9739A}.Debug|Any CPU.ActiveCfg = Debug|Any CPU
		{69892A83-2669-4974-91C8-79D71AE9739A}.Debug|Any CPU.Build.0 = Debug|Any CPU
		{69892A83-2669-4974-91C8-79D71AE9739A}.Release|Any CPU.ActiveCfg = Release|Any CPU
		{69892A83-2669-4974-91C8-79D71AE9739A}.Release|Any CPU.Build.0 = Release|Any CPU
	EndGlobalSection
EndGlobal
